
Microsoft Visual Studio Solution File, Format Version 12.00
# Visual Studio Version 16
VisualStudioVersion = 16.0.31025.194
MinimumVisualStudioVersion = 10.0.40219.1
Project("{FAE04EC0-301F-11D3-BF4B-00C04F79EFBC}") = "IA_Basic", "IA_Basic\IA_Basic.csproj", "{C9B92C77-4771-46DB-B929-33A208EDDCAD}"
EndProject
Global
	GlobalSection(SolutionConfigurationPlatforms) = preSolution
		Debug|Any CPU = Debug|Any CPU
		Release|Any CPU = Release|Any CPU
	EndGlobalSection
	GlobalSection(ProjectConfigurationPlatforms) = postSolution
		{C9B92C77-4771-46DB-B929-33A208EDDCAD}.Debug|Any CPU.ActiveCfg = Debug|Any CPU
		{C9B92C77-4771-46DB-B929-33A208EDDCAD}.Debug|Any CPU.Build.0 = Debug|Any CPU
		{C9B92C77-4771-46DB-B929-33A208EDDCAD}.Release|Any CPU.ActiveCfg = Release|Any CPU
		{C9B92C77-4771-46DB-B929-33A208EDDCAD}.Release|Any CPU.Build.0 = Release|Any CPU
	EndGlobalSection
	GlobalSection(SolutionProperties) = preSolution
		HideSolutionNode = FALSE
	EndGlobalSection
	GlobalSection(ExtensibilityGlobals) = postSolution
		SolutionGuid = {6D4BC51C-3699-4A6E-BC85-1CEAB3894032}
	EndGlobalSection
EndGlobal
